
Microsoft Visual Studio Solution File, Format Version 12.00
# Visual Studio Version 17
VisualStudioVersion = 17.9.34607.119
MinimumVisualStudioVersion = 10.0.40219.1
Project("{9A19103F-16F7-4668-BE54-9A1E7A4F7556}") = "Polnk.App", "Polnk.App\Polnk.App.csproj", "{757E91FB-4B91-4BED-B161-DCC5D7BB93CC}"
EndProject
Project("{FAE04EC0-301F-11D3-BF4B-00C04F79EFBC}") = "Polnk.App.Core", "Polnk.App.Core\Polnk.App.Core.csproj", "{E3B6E161-59B4-4B36-BDD6-973C4884E0CC}"
EndProject
Project("{FAE04EC0-301F-11D3-BF4B-00C04F79EFBC}") = "Polnk.TestConsole", "Polnk.TestConsole\Polnk.TestConsole.csproj", "{F5180D85-A7A8-4693-9E0E-6B4CA80912C6}"
EndProject
Global
	GlobalSection(SolutionConfigurationPlatforms) = preSolution
		Debug|Any CPU = Debug|Any CPU
		Release|Any CPU = Release|Any CPU
	EndGlobalSection
	GlobalSection(ProjectConfigurationPlatforms) = postSolution
		{757E91FB-4B91-4BED-B161-DCC5D7BB93CC}.Debug|Any CPU.ActiveCfg = Debug|Any CPU
		{757E91FB-4B91-4BED-B161-DCC5D7BB93CC}.Debug|Any CPU.Build.0 = Debug|Any CPU
		{757E91FB-4B91-4BED-B161-DCC5D7BB93CC}.Debug|Any CPU.Deploy.0 = Debug|Any CPU
		{757E91FB-4B91-4BED-B161-DCC5D7BB93CC}.Release|Any CPU.ActiveCfg = Release|Any CPU
		{757E91FB-4B91-4BED-B161-DCC5D7BB93CC}.Release|Any CPU.Build.0 = Release|Any CPU
		{757E91FB-4B91-4BED-B161-DCC5D7BB93CC}.Release|Any CPU.Deploy.0 = Release|Any CPU
		{E3B6E161-59B4-4B36-BDD6-973C4884E0CC}.Debug|Any CPU.ActiveCfg = Debug|Any CPU
		{E3B6E161-59B4-4B36-BDD6-973C4884E0CC}.Debug|Any CPU.Build.0 = Debug|Any CPU
		{E3B6E161-59B4-4B36-BDD6-973C4884E0CC}.Release|Any CPU.ActiveCfg = Release|Any CPU
		{E3B6E161-59B4-4B36-BDD6-973C4884E0CC}.Release|Any CPU.Build.0 = Release|Any CPU
		{F5180D85-A7A8-4693-9E0E-6B4CA80912C6}.Debug|Any CPU.ActiveCfg = Debug|Any CPU
		{F5180D85-A7A8-4693-9E0E-6B4CA80912C6}.Debug|Any CPU.Build.0 = Debug|Any CPU
		{F5180D85-A7A8-4693-9E0E-6B4CA80912C6}.Release|Any CPU.ActiveCfg = Release|Any CPU
		{F5180D85-A7A8-4693-9E0E-6B4CA80912C6}.Release|Any CPU.Build.0 = Release|Any CPU
	EndGlobalSection
	GlobalSection(SolutionProperties) = preSolution
		HideSolutionNode = FALSE
	EndGlobalSection
	GlobalSection(ExtensibilityGlobals) = postSolution
		SolutionGuid = {58625918-5FA9-49E3-B119-31BF09B9584F}
	EndGlobalSection
EndGlobal
